<?xml version="1.0" encoding="utf-8"?>
<Project ToolsVersion="4.0" xmlns="http://schemas.microsoft.com/developer/msbuild/2003">
  <ItemGroup>
    <Filter Include="Source Files">
      <UniqueIdentifier>{4FC737F1-C7A5-4376-A066-2A32D752A2FF}</UniqueIdentifier>
      <Extensions>cpp;c;cc;cxx;c++;cppm;ixx;def;odl;idl;hpj;bat;asm;asmx</Extensions>
    </Filter>
    <Filter Include="Header Files">
      <UniqueIdentifier>{93995380-89BD-4b04-88EB-625FBE52EBFB}</UniqueIdentifier>
      <Extensions>h;hh;hpp;hxx;h++;hm;inl;inc;ipp;xsd</Extensions>
    </Filter>
    <Filter Include="Resources">
      <UniqueIdentifier>{67DA6AB6-F800-4c08-8B7A-83BB121AAD01}</UniqueIdentifier>
      <Extensions>rc;ico;cur;bmp;dlg;rc2;rct;bin;rgs;gif;jpg;jpeg;jpe;resx;tiff;tif;png;wav;mfcribbon-ms</Extensions>
    </Filter>
  </ItemGroup>
  <ItemGroup>
    <ClCompile Include="GrayCore.Tests.cpp">
      <Filter>Source Files</Filter>
    </ClCompile>
    <ClCompile Include="pch.cpp">
      <Filter>Source Files</Filter>
    </ClCompile>
    <ClCompile Include="cAppConsole.Tests.cpp">
      <Filter>Source Files</Filter>
    </ClCompile>
    <ClCompile Include="cAppState.Tests.cpp">
      <Filter>Source Files</Filter>
    </ClCompile>
    <ClCompile Include="cArchive.Tests.cpp">
      <Filter>Source Files</Filter>
    </ClCompile>
    <ClCompile Include="cStream.Tests.cpp">
      <Filter>Source Files</Filter>
    </ClCompile>
    <ClCompile Include="cArraySort.Tests.cpp">
      <Filter>Source Files</Filter>
    </ClCompile>
    <ClCompile Include="cArraySortString.Tests.cpp">
      <Filter>Source Files</Filter>
    </ClCompile>
    <ClCompile Include="cException.Tests.cpp">
      <Filter>Source Files</Filter>
    </ClCompile>
    <ClCompile Include="cString.Tests.cpp">
      <Filter>Source Files</Filter>
    </ClCompile>
    <ClCompile Include="cIniFile.Tests.cpp">
      <Filter>Source Files</Filter>
    </ClCompile>
    <ClCompile Include="cIniSection.Tests.cpp">
      <Filter>Source Files</Filter>
    </ClCompile>
    <ClCompile Include="StrArg.Tests.cpp">
      <Filter>Source Files</Filter>
    </ClCompile>
    <ClCompile Include="StrFormat.Tests.cpp">
      <Filter>Source Files</Filter>
    </ClCompile>
    <ClCompile Include="StrNum.Tests.cpp">
      <Filter>Source Files</Filter>
    </ClCompile>
    <ClCompile Include="cTimeUnits.Tests.cpp">
      <Filter>Source Files</Filter>
    </ClCompile>
    <ClCompile Include="StrU.Tests.cpp">
      <Filter>Source Files</Filter>
    </ClCompile>
    <ClCompile Include="cFile.Tests.cpp">
      <Filter>Source Files</Filter>
    </ClCompile>
    <ClCompile Include="cFileCopier.Tests.cpp">
      <Filter>Source Files</Filter>
    </ClCompile>
    <ClCompile Include="cRandom.Tests.cpp">
      <Filter>Source Files</Filter>
    </ClCompile>
    <ClCompile Include="StrA.Tests.cpp">
      <Filter>Source Files</Filter>
    </ClCompile>
    <ClCompile Include="cTimeZone.Tests.cpp">
      <Filter>Source Files</Filter>
    </ClCompile>
    <ClCompile Include="cBits.Tests.cpp">
      <Filter>Source Files</Filter>
    </ClCompile>
    <ClCompile Include="cAtom.Tests.cpp">
      <Filter>Source Files</Filter>
    </ClCompile>
    <ClCompile Include="cLogMgr.Tests.cpp">
      <Filter>Source Files</Filter>
    </ClCompile>
    <ClCompile Include="StrT.Tests.cpp">
      <Filter>Source Files</Filter>
    </ClCompile>
    <ClCompile Include="cCodeProfiler.Tests.cpp">
      <Filter>Source Files</Filter>
    </ClCompile>
    <ClCompile Include="HResult.Tests.cpp">
      <Filter>Source Files</Filter>
    </ClCompile>
    <ClCompile Include="cFilePath.Tests.cpp">
      <Filter>Source Files</Filter>
    </ClCompile>
    <ClCompile Include="cFileDir.Tests.cpp">
      <Filter>Source Files</Filter>
    </ClCompile>
    <ClCompile Include="cFileText.Tests.cpp">
      <Filter>Source Files</Filter>
    </ClCompile>
    <ClCompile Include="cOSModule.Tests.cpp">
      <Filter>Source Files</Filter>
    </ClCompile>
    <ClCompile Include="cHeap.Tests.cpp">
      <Filter>Source Files</Filter>
    </ClCompile>
    <ClCompile Include="cWinHeap.Tests.cpp">
      <Filter>Source Files</Filter>
    </ClCompile>
    <ClCompile Include="cSecurityAttributes.Tests.cpp">
      <Filter>Source Files</Filter>
    </ClCompile>
    <ClCompile Include="cTimeInt.Tests.cpp">
      <Filter>Source Files</Filter>
    </ClCompile>
    <ClCompile Include="cUInt64.Tests.cpp">
      <Filter>Source Files</Filter>
    </ClCompile>
    <ClCompile Include="cTypeInfo.Tests.cpp">
      <Filter>Source Files</Filter>
    </ClCompile>
    <ClCompile Include="cTimeSys.Tests.cpp">
      <Filter>Source Files</Filter>
    </ClCompile>
    <ClCompile Include="cTimeFile.Tests.cpp">
      <Filter>Source Files</Filter>
    </ClCompile>
    <ClCompile Include="cTimeDouble.Tests.cpp">
      <Filter>Source Files</Filter>
    </ClCompile>
    <ClCompile Include="StrChar.Tests.cpp">
      <Filter>Source Files</Filter>
    </ClCompile>
    <ClCompile Include="cThreadLockRW.Tests.cpp">
      <Filter>Source Files</Filter>
    </ClCompile>
    <ClCompile Include="cThreadLock.Tests.cpp">
      <Filter>Source Files</Filter>
    </ClCompile>
    <ClCompile Include="cPtrTrace.Tests.cpp">
      <Filter>Source Files</Filter>
    </ClCompile>
    <ClCompile Include="cHookJump.Tests.cpp">
      <Filter>Source Files</Filter>
    </ClCompile>
    <ClCompile Include="cSystemInfo.Tests.cpp">
      <Filter>Source Files</Filter>
    </ClCompile>
    <ClCompile Include="cSingleton.Tests.cpp">
      <Filter>Source Files</Filter>
    </ClCompile>
    <ClCompile Include="cQueue.Tests.cpp">
      <Filter>Source Files</Filter>
    </ClCompile>
    <ClCompile Include="cOSProcess.Tests.cpp">
      <Filter>Source Files</Filter>
    </ClCompile>
    <ClCompile Include="cOSHandle.Tests.cpp">
      <Filter>Source Files</Filter>
    </ClCompile>
    <ClCompile Include="cMem.Tests.cpp">
      <Filter>Source Files</Filter>
    </ClCompile>
    <ClCompile Include="cList.Tests.cpp">
      <Filter>Source Files</Filter>
    </ClCompile>
    <ClCompile Include="cInterlockedVal.Tests.cpp">
      <Filter>Source Files</Filter>
    </ClCompile>
    <ClCompile Include="cIniObject.Tests.cpp">
      <Filter>Source Files</Filter>
    </ClCompile>
    <ClCompile Include="cHashTable.Tests.cpp">
      <Filter>Source Files</Filter>
    </ClCompile>
    <ClCompile Include="cFloat.Tests.cpp">
      <Filter>Source Files</Filter>
    </ClCompile>
    <ClCompile Include="cFloatDeco.Tests.cpp">
      <Filter>Source Files</Filter>
    </ClCompile>
    <ClCompile Include="cAppImpl.Tests.cpp">
      <Filter>Source Files</Filter>
    </ClCompile>
    <ClCompile Include="cStreamTextReader.Tests.cpp">
      <Filter>Source Files</Filter>
    </ClCompile>
  </ItemGroup>
  <ItemGroup>
    <ClInclude Include="pch.h">
      <Filter>Header Files</Filter>
    </ClInclude>
    <ClInclude Include="cUnitTestMs.h">
      <Filter>Header Files</Filter>
    </ClInclude>
  </ItemGroup>
  <ItemGroup>
    <CopyFileToFolders Include="Resources\cIniFileUnitTest.ini">
      <Filter>Resources</Filter>
    </CopyFileToFolders>
  </ItemGroup>
</Project>